
Microsoft Visual Studio Solution File, Format Version 12.00
# Visual Studio 2013
VisualStudioVersion = 12.0.31101.0
MinimumVisualStudioVersion = 10.0.40219.1
Project("{FAE04EC0-301F-11D3-BF4B-00C04F79EFBC}") = "InfluxDB.Net.Collector.Console", "InfluxDB.Net.Collector.Console\InfluxDB.Net.Collector.Console.csproj", "{840B45F9-F50E-449A-B132-63B80FCF1337}"
EndProject
Project("{2150E333-8FDC-42A3-9474-1A3956D46DE8}") = ".nuget", ".nuget", "{04FB46E8-F729-4ED5-A9A1-5A296D875927}"
	ProjectSection(SolutionItems) = preProject
		.nuget\NuGet.Config = .nuget\NuGet.Config
		.nuget\NuGet.exe = .nuget\NuGet.exe
		.nuget\NuGet.targets = .nuget\NuGet.targets
	EndProjectSection
EndProject
Project("{FAE04EC0-301F-11D3-BF4B-00C04F79EFBC}") = "InfluxDB.Net.Collector", "InfluxDB.Net.Collector\InfluxDB.Net.Collector.csproj", "{E3FB3F45-87F5-4339-AC0C-90D8EC6102F2}"
EndProject
Global
	GlobalSection(SolutionConfigurationPlatforms) = preSolution
		Debug|Any CPU = Debug|Any CPU
		Release|Any CPU = Release|Any CPU
	EndGlobalSection
	GlobalSection(ProjectConfigurationPlatforms) = postSolution
		{840B45F9-F50E-449A-B132-63B80FCF1337}.Debug|Any CPU.ActiveCfg = Debug|Any CPU
		{840B45F9-F50E-449A-B132-63B80FCF1337}.Debug|Any CPU.Build.0 = Debug|Any CPU
		{840B45F9-F50E-449A-B132-63B80FCF1337}.Release|Any CPU.ActiveCfg = Release|Any CPU
		{840B45F9-F50E-449A-B132-63B80FCF1337}.Release|Any CPU.Build.0 = Release|Any CPU
		{E3FB3F45-87F5-4339-AC0C-90D8EC6102F2}.Debug|Any CPU.ActiveCfg = Debug|Any CPU
		{E3FB3F45-87F5-4339-AC0C-90D8EC6102F2}.Debug|Any CPU.Build.0 = Debug|Any CPU
		{E3FB3F45-87F5-4339-AC0C-90D8EC6102F2}.Release|Any CPU.ActiveCfg = Release|Any CPU
		{E3FB3F45-87F5-4339-AC0C-90D8EC6102F2}.Release|Any CPU.Build.0 = Release|Any CPU
	EndGlobalSection
	GlobalSection(SolutionProperties) = preSolution
		HideSolutionNode = FALSE
	EndGlobalSection
EndGlobal
