
Microsoft Visual Studio Solution File, Format Version 12.00
# Visual Studio 14
VisualStudioVersion = 14.0.25420.1
MinimumVisualStudioVersion = 10.0.40219.1
Project("{FAE04EC0-301F-11D3-BF4B-00C04F79EFBC}") = "Tharga.Influx-Capacitor.Console", "..\Tharga.Influx-Capacitor.Console\Tharga.Influx-Capacitor.Console.csproj", "{840B45F9-F50E-449A-B132-63B80FCF1337}"
EndProject
Project("{2150E333-8FDC-42A3-9474-1A3956D46DE8}") = ".nuget", ".nuget", "{04FB46E8-F729-4ED5-A9A1-5A296D875927}"
	ProjectSection(SolutionItems) = preProject
		.nuget\NuGet.Config = .nuget\NuGet.Config
		.nuget\NuGet.exe = .nuget\NuGet.exe
		.nuget\NuGet.targets = .nuget\NuGet.targets
	EndProjectSection
EndProject
Project("{FAE04EC0-301F-11D3-BF4B-00C04F79EFBC}") = "Tharga.Influx-Capacitor.Collector", "..\Tharga.Influx-Capacitor.Collector\Tharga.Influx-Capacitor.Collector.csproj", "{E3FB3F45-87F5-4339-AC0C-90D8EC6102F2}"
EndProject
Project("{FAE04EC0-301F-11D3-BF4B-00C04F79EFBC}") = "Tharga.Influx-Capacitor.Collector.Tests", "..\Tharga.Influx-Capacitor.Collector.Tests\Tharga.Influx-Capacitor.Collector.Tests.csproj", "{93FB507A-A7DC-4809-82ED-3E67C45D79AB}"
EndProject
Project("{FAE04EC0-301F-11D3-BF4B-00C04F79EFBC}") = "Tharga.Influx-Capacitor.Service", "..\Tharga.Influx-Capacitor.Service\Tharga.Influx-Capacitor.Service.csproj", "{AC63E1C0-867D-4E9C-96AA-A34045617B26}"
EndProject
Project("{2150E333-8FDC-42A3-9474-1A3956D46DE8}") = "Build", "Build", "{75270509-6847-49AD-90CD-5EA4F972A857}"
	ProjectSection(SolutionItems) = preProject
		..\Build\AssemblyVersionInfo.cs = ..\Build\AssemblyVersionInfo.cs
		..\Build\BuildChocoPackage.ps1 = ..\Build\BuildChocoPackage.ps1
		..\Build\BuildMsiPackage.ps1 = ..\Build\BuildMsiPackage.ps1
		..\Build\DeployFileToMultipleTargets.ps1 = ..\Build\DeployFileToMultipleTargets.ps1
		..\Build\Influx-Capacitor.wsx = ..\Build\Influx-Capacitor.wsx
		..\Build\Note.txt = ..\Build\Note.txt
		..\Build\PushChocolatey.ps1 = ..\Build\PushChocolatey.ps1
		..\Build\PushNuget.ps1 = ..\Build\PushNuget.ps1
	EndProjectSection
EndProject
Project("{2150E333-8FDC-42A3-9474-1A3956D46DE8}") = "Solution Items", "Solution Items", "{57B6D49E-1A1D-4145-B1B5-D0EAF3A3AF9C}"
	ProjectSection(SolutionItems) = preProject
		..\LICENSE = ..\LICENSE
		..\README.md = ..\README.md
	EndProjectSection
EndProject
Project("{FAE04EC0-301F-11D3-BF4B-00C04F79EFBC}") = "Tharga.Influx-Capacitor.Service.Console", "..\Tharga.Influx-Capacitor.Service.Console\Tharga.Influx-Capacitor.Service.Console.csproj", "{33DCFFDC-8E5A-4A4E-942F-A3F5B42FB8D3}"
EndProject
Project("{2150E333-8FDC-42A3-9474-1A3956D46DE8}") = "Samples", "Samples", "{147798FA-C2A9-491D-A320-0FA276578F98}"
	ProjectSection(SolutionItems) = preProject
		..\Samples\disk.xml = ..\Samples\disk.xml
		..\Samples\memory.xml = ..\Samples\memory.xml
		..\Samples\network.xml = ..\Samples\network.xml
		..\Samples\process.xml = ..\Samples\process.xml
		..\Samples\processor.xml = ..\Samples\processor.xml
		..\Samples\sqlserver.xml = ..\Samples\sqlserver.xml
		..\Samples\ssas.xml = ..\Samples\ssas.xml
		..\Samples\ssis.xml = ..\Samples\ssis.xml
		..\Samples\ssrs.xml = ..\Samples\ssrs.xml
	EndProjectSection
EndProject
Project("{FAE04EC0-301F-11D3-BF4B-00C04F79EFBC}") = "Tharga.Influx-Capacitor", "..\Tharga.Influx-Capacitor\Tharga.Influx-Capacitor.csproj", "{C60C4133-A221-4EF8-8F69-D407752DCE3F}"
EndProject
Project("{2150E333-8FDC-42A3-9474-1A3956D46DE8}") = "Chocolatey", "Chocolatey", "{78D82766-66E1-4051-9CC9-EF9DFDE3DD03}"
	ProjectSection(SolutionItems) = preProject
		..\Build\Chocolatey\influx-capacitor.nuspec = ..\Build\Chocolatey\influx-capacitor.nuspec
		..\Build\Chocolatey\ReadMe.md = ..\Build\Chocolatey\ReadMe.md
	EndProjectSection
EndProject
Project("{2150E333-8FDC-42A3-9474-1A3956D46DE8}") = "tools", "tools", "{25F8AE5C-A0BE-4516-A20B-F360A10875E2}"
	ProjectSection(SolutionItems) = preProject
		..\Build\Chocolatey\tools\chocolateybeforemodify.ps1 = ..\Build\Chocolatey\tools\chocolateybeforemodify.ps1
		..\Build\Chocolatey\tools\chocolateyinstall.ps1 = ..\Build\Chocolatey\tools\chocolateyinstall.ps1
		..\Build\Chocolatey\tools\chocolateyuninstall.ps1 = ..\Build\Chocolatey\tools\chocolateyuninstall.ps1
	EndProjectSection
EndProject
Global
	GlobalSection(SolutionConfigurationPlatforms) = preSolution
		CI|Any CPU = CI|Any CPU
		Debug|Any CPU = Debug|Any CPU
		Release|Any CPU = Release|Any CPU
	EndGlobalSection
	GlobalSection(ProjectConfigurationPlatforms) = postSolution
		{840B45F9-F50E-449A-B132-63B80FCF1337}.CI|Any CPU.ActiveCfg = CI|Any CPU
		{840B45F9-F50E-449A-B132-63B80FCF1337}.CI|Any CPU.Build.0 = CI|Any CPU
		{840B45F9-F50E-449A-B132-63B80FCF1337}.Debug|Any CPU.ActiveCfg = Debug|Any CPU
		{840B45F9-F50E-449A-B132-63B80FCF1337}.Debug|Any CPU.Build.0 = Debug|Any CPU
		{840B45F9-F50E-449A-B132-63B80FCF1337}.Release|Any CPU.ActiveCfg = Release|Any CPU
		{840B45F9-F50E-449A-B132-63B80FCF1337}.Release|Any CPU.Build.0 = Release|Any CPU
		{E3FB3F45-87F5-4339-AC0C-90D8EC6102F2}.CI|Any CPU.ActiveCfg = CI|Any CPU
		{E3FB3F45-87F5-4339-AC0C-90D8EC6102F2}.CI|Any CPU.Build.0 = CI|Any CPU
		{E3FB3F45-87F5-4339-AC0C-90D8EC6102F2}.Debug|Any CPU.ActiveCfg = Debug|Any CPU
		{E3FB3F45-87F5-4339-AC0C-90D8EC6102F2}.Debug|Any CPU.Build.0 = Debug|Any CPU
		{E3FB3F45-87F5-4339-AC0C-90D8EC6102F2}.Release|Any CPU.ActiveCfg = Release|Any CPU
		{E3FB3F45-87F5-4339-AC0C-90D8EC6102F2}.Release|Any CPU.Build.0 = Release|Any CPU
		{93FB507A-A7DC-4809-82ED-3E67C45D79AB}.CI|Any CPU.ActiveCfg = CI|Any CPU
		{93FB507A-A7DC-4809-82ED-3E67C45D79AB}.CI|Any CPU.Build.0 = CI|Any CPU
		{93FB507A-A7DC-4809-82ED-3E67C45D79AB}.Debug|Any CPU.ActiveCfg = Debug|Any CPU
		{93FB507A-A7DC-4809-82ED-3E67C45D79AB}.Debug|Any CPU.Build.0 = Debug|Any CPU
		{93FB507A-A7DC-4809-82ED-3E67C45D79AB}.Release|Any CPU.ActiveCfg = Release|Any CPU
		{93FB507A-A7DC-4809-82ED-3E67C45D79AB}.Release|Any CPU.Build.0 = Release|Any CPU
		{AC63E1C0-867D-4E9C-96AA-A34045617B26}.CI|Any CPU.ActiveCfg = CI|Any CPU
		{AC63E1C0-867D-4E9C-96AA-A34045617B26}.CI|Any CPU.Build.0 = CI|Any CPU
		{AC63E1C0-867D-4E9C-96AA-A34045617B26}.Debug|Any CPU.ActiveCfg = Debug|Any CPU
		{AC63E1C0-867D-4E9C-96AA-A34045617B26}.Debug|Any CPU.Build.0 = Debug|Any CPU
		{AC63E1C0-867D-4E9C-96AA-A34045617B26}.Release|Any CPU.ActiveCfg = Release|Any CPU
		{AC63E1C0-867D-4E9C-96AA-A34045617B26}.Release|Any CPU.Build.0 = Release|Any CPU
		{33DCFFDC-8E5A-4A4E-942F-A3F5B42FB8D3}.CI|Any CPU.ActiveCfg = CI|Any CPU
		{33DCFFDC-8E5A-4A4E-942F-A3F5B42FB8D3}.CI|Any CPU.Build.0 = CI|Any CPU
		{33DCFFDC-8E5A-4A4E-942F-A3F5B42FB8D3}.Debug|Any CPU.ActiveCfg = Debug|Any CPU
		{33DCFFDC-8E5A-4A4E-942F-A3F5B42FB8D3}.Debug|Any CPU.Build.0 = Debug|Any CPU
		{33DCFFDC-8E5A-4A4E-942F-A3F5B42FB8D3}.Release|Any CPU.ActiveCfg = Release|Any CPU
		{33DCFFDC-8E5A-4A4E-942F-A3F5B42FB8D3}.Release|Any CPU.Build.0 = Release|Any CPU
		{C60C4133-A221-4EF8-8F69-D407752DCE3F}.CI|Any CPU.ActiveCfg = CI|Any CPU
		{C60C4133-A221-4EF8-8F69-D407752DCE3F}.CI|Any CPU.Build.0 = CI|Any CPU
		{C60C4133-A221-4EF8-8F69-D407752DCE3F}.Debug|Any CPU.ActiveCfg = Debug|Any CPU
		{C60C4133-A221-4EF8-8F69-D407752DCE3F}.Debug|Any CPU.Build.0 = Debug|Any CPU
		{C60C4133-A221-4EF8-8F69-D407752DCE3F}.Release|Any CPU.ActiveCfg = Release|Any CPU
		{C60C4133-A221-4EF8-8F69-D407752DCE3F}.Release|Any CPU.Build.0 = Release|Any CPU
	EndGlobalSection
	GlobalSection(SolutionProperties) = preSolution
		HideSolutionNode = FALSE
	EndGlobalSection
	GlobalSection(NestedProjects) = preSolution
		{78D82766-66E1-4051-9CC9-EF9DFDE3DD03} = {75270509-6847-49AD-90CD-5EA4F972A857}
		{25F8AE5C-A0BE-4516-A20B-F360A10875E2} = {78D82766-66E1-4051-9CC9-EF9DFDE3DD03}
	EndGlobalSection
EndGlobal
